
Microsoft Visual Studio Solution File, Format Version 12.00
# Visual Studio Version 16
VisualStudioVersion = 16.0.31229.75
MinimumVisualStudioVersion = 10.0.40219.1
Project("{FAE04EC0-301F-11D3-BF4B-00C04F79EFBC}") = "HIWIN_Contest", "HIWIN_Contest\HIWIN_Contest.csproj", "{ACB4016F-15A2-4048-B02C-B61C83956580}"
EndProject
Global
	GlobalSection(SolutionConfigurationPlatforms) = preSolution
		Debug|Any CPU = Debug|Any CPU
		Release|Any CPU = Release|Any CPU
	EndGlobalSection
	GlobalSection(ProjectConfigurationPlatforms) = postSolution
		{ACB4016F-15A2-4048-B02C-B61C83956580}.Debug|Any CPU.ActiveCfg = Debug|Any CPU
		{ACB4016F-15A2-4048-B02C-B61C83956580}.Debug|Any CPU.Build.0 = Debug|Any CPU
		{ACB4016F-15A2-4048-B02C-B61C83956580}.Release|Any CPU.ActiveCfg = Release|Any CPU
		{ACB4016F-15A2-4048-B02C-B61C83956580}.Release|Any CPU.Build.0 = Release|Any CPU
	EndGlobalSection
	GlobalSection(SolutionProperties) = preSolution
		HideSolutionNode = FALSE
	EndGlobalSection
	GlobalSection(ExtensibilityGlobals) = postSolution
		SolutionGuid = {74FD8597-9875-4055-A808-3044AFD9FDE1}
	EndGlobalSection
EndGlobal
